
Microsoft Visual Studio Solution File, Format Version 12.00
# Visual Studio Version 17
VisualStudioVersion = 17.3.32922.545
MinimumVisualStudioVersion = 10.0.40219.1
Project("{FAE04EC0-301F-11D3-BF4B-00C04F79EFBC}") = "Sortowanie", "Sortowanie.csproj", "{833ED3B5-5CCC-4D90-BE6D-3120A260C78C}"
EndProject
Global
	GlobalSection(SolutionConfigurationPlatforms) = preSolution
		Debug|Any CPU = Debug|Any CPU
		Release|Any CPU = Release|Any CPU
	EndGlobalSection
	GlobalSection(ProjectConfigurationPlatforms) = postSolution
		{833ED3B5-5CCC-4D90-BE6D-3120A260C78C}.Debug|Any CPU.ActiveCfg = Debug|Any CPU
		{833ED3B5-5CCC-4D90-BE6D-3120A260C78C}.Debug|Any CPU.Build.0 = Debug|Any CPU
		{833ED3B5-5CCC-4D90-BE6D-3120A260C78C}.Release|Any CPU.ActiveCfg = Release|Any CPU
		{833ED3B5-5CCC-4D90-BE6D-3120A260C78C}.Release|Any CPU.Build.0 = Release|Any CPU
	EndGlobalSection
	GlobalSection(SolutionProperties) = preSolution
		HideSolutionNode = FALSE
	EndGlobalSection
	GlobalSection(ExtensibilityGlobals) = postSolution
		SolutionGuid = {EEDE8649-510E-407E-8517-7BAE090D2A4C}
	EndGlobalSection
EndGlobal
